
Microsoft Visual Studio Solution File, Format Version 12.00
# Visual Studio 15
VisualStudioVersion = 15.0.26730.0
MinimumVisualStudioVersion = 10.0.40219.1
Project("{2150E333-8FDC-42A3-9474-1A3956D46DE8}") = "Solution Items", "Solution Items", "{ECFCA9D5-C00E-46E8-B0FD-F80766AA2838}"
	ProjectSection(SolutionItems) = preProject
		index.html = index.html
		Script1.js = Script1.js
	EndProjectSection
EndProject
Global
	GlobalSection(SolutionProperties) = preSolution
		HideSolutionNode = FALSE
	EndGlobalSection
	GlobalSection(ExtensibilityGlobals) = postSolution
		SolutionGuid = {823AF972-4A8E-42B6-8E05-F4BB340B404B}
	EndGlobalSection
EndGlobal
